
Microsoft Visual Studio Solution File, Format Version 12.00
# Visual Studio Version 17
VisualStudioVersion = 17.11.35222.181
MinimumVisualStudioVersion = 10.0.40219.1
Project("{FAE04EC0-301F-11D3-BF4B-00C04F79EFBC}") = "Strategy", "Strategy\Strategy.csproj", "{844EA920-9153-43C6-8025-590F156D7C01}"
EndProject
Global
	GlobalSection(SolutionConfigurationPlatforms) = preSolution
		Debug|Any CPU = Debug|Any CPU
		Release|Any CPU = Release|Any CPU
	EndGlobalSection
	GlobalSection(ProjectConfigurationPlatforms) = postSolution
		{844EA920-9153-43C6-8025-590F156D7C01}.Debug|Any CPU.ActiveCfg = Debug|Any CPU
		{844EA920-9153-43C6-8025-590F156D7C01}.Debug|Any CPU.Build.0 = Debug|Any CPU
		{844EA920-9153-43C6-8025-590F156D7C01}.Release|Any CPU.ActiveCfg = Release|Any CPU
		{844EA920-9153-43C6-8025-590F156D7C01}.Release|Any CPU.Build.0 = Release|Any CPU
	EndGlobalSection
	GlobalSection(SolutionProperties) = preSolution
		HideSolutionNode = FALSE
	EndGlobalSection
	GlobalSection(ExtensibilityGlobals) = postSolution
		SolutionGuid = {0670AD52-158B-408B-B0EF-CE03573C4A49}
	EndGlobalSection
EndGlobal
